
Microsoft Visual Studio Solution File, Format Version 12.00
# Visual Studio Version 17
VisualStudioVersion = 17.6.33815.320
MinimumVisualStudioVersion = 10.0.40219.1
Project("{8BC9CEB8-8B4A-11D0-8D11-00A0C91BC942}") = "test_7_7", "test_7_7\test_7_7.vcxproj", "{C381851A-6313-45C3-9590-37C149B7CD9A}"
EndProject
Global
	GlobalSection(SolutionConfigurationPlatforms) = preSolution
		Debug|x64 = Debug|x64
		Debug|x86 = Debug|x86
		Release|x64 = Release|x64
		Release|x86 = Release|x86
	EndGlobalSection
	GlobalSection(ProjectConfigurationPlatforms) = postSolution
		{C381851A-6313-45C3-9590-37C149B7CD9A}.Debug|x64.ActiveCfg = Debug|x64
		{C381851A-6313-45C3-9590-37C149B7CD9A}.Debug|x64.Build.0 = Debug|x64
		{C381851A-6313-45C3-9590-37C149B7CD9A}.Debug|x86.ActiveCfg = Debug|Win32
		{C381851A-6313-45C3-9590-37C149B7CD9A}.Debug|x86.Build.0 = Debug|Win32
		{C381851A-6313-45C3-9590-37C149B7CD9A}.Release|x64.ActiveCfg = Release|x64
		{C381851A-6313-45C3-9590-37C149B7CD9A}.Release|x64.Build.0 = Release|x64
		{C381851A-6313-45C3-9590-37C149B7CD9A}.Release|x86.ActiveCfg = Release|Win32
		{C381851A-6313-45C3-9590-37C149B7CD9A}.Release|x86.Build.0 = Release|Win32
	EndGlobalSection
	GlobalSection(SolutionProperties) = preSolution
		HideSolutionNode = FALSE
	EndGlobalSection
	GlobalSection(ExtensibilityGlobals) = postSolution
		SolutionGuid = {A61259E8-0DD0-45CD-A538-AC64F0FE7A55}
	EndGlobalSection
EndGlobal
